<Solution>
  <Project Path="MatrixUtils.GenericDatatypes.csproj" />
  <Project Path="BetterHierarchy.csproj" />
  <Project Path="PlayFab.csproj" />
  <Project Path="MatrixUtils.PropertyDrawers.VisualElements.csproj" />
  <Project Path="MatrixUtils.Logging.csproj" />
  <Project Path="MatrixUtils.Timers.csproj" />
  <Project Path="MatrixUtils.PropertyDrawers.csproj" />
  <Project Path="MatrixUtils.PropertyDrawers.Helpers.csproj" />
  <Project Path="PlayFabEditorExtensions.csproj" />
  <Project Path="GachaGame.Core.csproj" />
  <Project Path="MatrixUtils.Attributes.csproj" />
  <Project Path="MatrixUtils.Editors.csproj" />
  <Project Path="BetterHierarchyDemoScripts.csproj" />
  <Project Path="MatrixUtils.VFX.csproj" />
  <Project Path="MatrixUtils.DependencyInjection.csproj" />
  <Project Path="GachaGame.Core.GachaRolls.csproj" />
  <Project Path="MatrixUtils.Extensions.csproj" />
  <Project Path="MatrixUtils.Audio.csproj" />
  <Project Path="MatrixUtils.LowLevel.csproj" />
  <Project Path="Assembly-CSharp.csproj" />
  <Project Path="MatrixUtils.HelperClasses.csproj" />
  <Project Path="MatrixUtils.Monads.csproj" />
  <Project Path="PlayFabSDKEditor.csproj" />
  <Project Path="GachaPrototype.Core.UserInterface.csproj" />
  <Project Path="MatrixUtils.EventBus.csproj" />
  <Project Path="MatrixUtils.Input.csproj" />
</Solution>
